
Microsoft Visual Studio Solution File, Format Version 12.00
# Visual Studio Version 16
VisualStudioVersion = 16.0.30804.86
MinimumVisualStudioVersion = 10.0.40219.1
Project("{FAE04EC0-301F-11D3-BF4B-00C04F79EFBC}") = "BluePrint.Server", "BluePrint\Server\BluePrint.Server.csproj", "{B87C9121-10BE-4392-9292-6EB8C86DF858}"
EndProject
Project("{FAE04EC0-301F-11D3-BF4B-00C04F79EFBC}") = "BluePrint.Client", "BluePrint\Client\BluePrint.Client.csproj", "{053E924E-9DC3-442C-B5D2-E202925E07AF}"
EndProject
Project("{FAE04EC0-301F-11D3-BF4B-00C04F79EFBC}") = "BluePrint.Shared", "BluePrint\Shared\BluePrint.Shared.csproj", "{665A324E-487F-43D1-AC48-C2607A1ACD7A}"
EndProject
Project("{9A19103F-16F7-4668-BE54-9A1E7A4F7556}") = "BluePrint.EF", "BluePrint\EF\BluePrint.EF.csproj", "{BF7E2B5F-788C-4678-9294-EB638DC7EA75}"
EndProject
Project("{9A19103F-16F7-4668-BE54-9A1E7A4F7556}") = "BluePrint.UT", "BluePrint\UT\BluePrint.UT.csproj", "{FB44C057-65DE-464E-B7FA-4FA45E6C97DD}"
EndProject
Global
	GlobalSection(SolutionConfigurationPlatforms) = preSolution
		Debug|Any CPU = Debug|Any CPU
		Release|Any CPU = Release|Any CPU
	EndGlobalSection
	GlobalSection(ProjectConfigurationPlatforms) = postSolution
		{B87C9121-10BE-4392-9292-6EB8C86DF858}.Debug|Any CPU.ActiveCfg = Debug|Any CPU
		{B87C9121-10BE-4392-9292-6EB8C86DF858}.Debug|Any CPU.Build.0 = Debug|Any CPU
		{B87C9121-10BE-4392-9292-6EB8C86DF858}.Release|Any CPU.ActiveCfg = Release|Any CPU
		{B87C9121-10BE-4392-9292-6EB8C86DF858}.Release|Any CPU.Build.0 = Release|Any CPU
		{053E924E-9DC3-442C-B5D2-E202925E07AF}.Debug|Any CPU.ActiveCfg = Debug|Any CPU
		{053E924E-9DC3-442C-B5D2-E202925E07AF}.Debug|Any CPU.Build.0 = Debug|Any CPU
		{053E924E-9DC3-442C-B5D2-E202925E07AF}.Release|Any CPU.ActiveCfg = Release|Any CPU
		{053E924E-9DC3-442C-B5D2-E202925E07AF}.Release|Any CPU.Build.0 = Release|Any CPU
		{665A324E-487F-43D1-AC48-C2607A1ACD7A}.Debug|Any CPU.ActiveCfg = Debug|Any CPU
		{665A324E-487F-43D1-AC48-C2607A1ACD7A}.Debug|Any CPU.Build.0 = Debug|Any CPU
		{665A324E-487F-43D1-AC48-C2607A1ACD7A}.Release|Any CPU.ActiveCfg = Release|Any CPU
		{665A324E-487F-43D1-AC48-C2607A1ACD7A}.Release|Any CPU.Build.0 = Release|Any CPU
		{BF7E2B5F-788C-4678-9294-EB638DC7EA75}.Debug|Any CPU.ActiveCfg = Debug|Any CPU
		{BF7E2B5F-788C-4678-9294-EB638DC7EA75}.Debug|Any CPU.Build.0 = Debug|Any CPU
		{BF7E2B5F-788C-4678-9294-EB638DC7EA75}.Release|Any CPU.ActiveCfg = Release|Any CPU
		{BF7E2B5F-788C-4678-9294-EB638DC7EA75}.Release|Any CPU.Build.0 = Release|Any CPU
		{FB44C057-65DE-464E-B7FA-4FA45E6C97DD}.Debug|Any CPU.ActiveCfg = Debug|Any CPU
		{FB44C057-65DE-464E-B7FA-4FA45E6C97DD}.Debug|Any CPU.Build.0 = Debug|Any CPU
		{FB44C057-65DE-464E-B7FA-4FA45E6C97DD}.Release|Any CPU.ActiveCfg = Release|Any CPU
		{FB44C057-65DE-464E-B7FA-4FA45E6C97DD}.Release|Any CPU.Build.0 = Release|Any CPU
	EndGlobalSection
	GlobalSection(SolutionProperties) = preSolution
		HideSolutionNode = FALSE
	EndGlobalSection
	GlobalSection(ExtensibilityGlobals) = postSolution
		SolutionGuid = {C840289A-6176-4032-BC03-093667C3F2E5}
	EndGlobalSection
EndGlobal
